
Microsoft Visual Studio Solution File, Format Version 12.00
# Visual Studio 15
VisualStudioVersion = 15.0.28307.168
MinimumVisualStudioVersion = 10.0.40219.1
Project("{9A19103F-16F7-4668-BE54-9A1E7A4F7556}") = "MemoryComparison", "MemoryComparison\MemoryComparison.csproj", "{69A544BC-CFC2-43B0-8970-C25297FFA117}"
EndProject
Project("{9A19103F-16F7-4668-BE54-9A1E7A4F7556}") = "MemCmpTests", "MemCmpTests\MemCmpTests.csproj", "{15285257-8807-4C52-A88A-38EC434CAC10}"
EndProject
Global
	GlobalSection(SolutionConfigurationPlatforms) = preSolution
		Debug|Any CPU = Debug|Any CPU
		Debug|x64 = Debug|x64
		Release|Any CPU = Release|Any CPU
		Release|x64 = Release|x64
	EndGlobalSection
	GlobalSection(ProjectConfigurationPlatforms) = postSolution
		{69A544BC-CFC2-43B0-8970-C25297FFA117}.Debug|Any CPU.ActiveCfg = Debug|Any CPU
		{69A544BC-CFC2-43B0-8970-C25297FFA117}.Debug|Any CPU.Build.0 = Debug|Any CPU
		{69A544BC-CFC2-43B0-8970-C25297FFA117}.Debug|x64.ActiveCfg = Debug|x64
		{69A544BC-CFC2-43B0-8970-C25297FFA117}.Debug|x64.Build.0 = Debug|x64
		{69A544BC-CFC2-43B0-8970-C25297FFA117}.Release|Any CPU.ActiveCfg = Release|Any CPU
		{69A544BC-CFC2-43B0-8970-C25297FFA117}.Release|Any CPU.Build.0 = Release|Any CPU
		{69A544BC-CFC2-43B0-8970-C25297FFA117}.Release|x64.ActiveCfg = Release|x64
		{69A544BC-CFC2-43B0-8970-C25297FFA117}.Release|x64.Build.0 = Release|x64
		{15285257-8807-4C52-A88A-38EC434CAC10}.Debug|Any CPU.ActiveCfg = Debug|Any CPU
		{15285257-8807-4C52-A88A-38EC434CAC10}.Debug|Any CPU.Build.0 = Debug|Any CPU
		{15285257-8807-4C52-A88A-38EC434CAC10}.Debug|x64.ActiveCfg = Debug|x64
		{15285257-8807-4C52-A88A-38EC434CAC10}.Debug|x64.Build.0 = Debug|x64
		{15285257-8807-4C52-A88A-38EC434CAC10}.Release|Any CPU.ActiveCfg = Release|Any CPU
		{15285257-8807-4C52-A88A-38EC434CAC10}.Release|Any CPU.Build.0 = Release|Any CPU
		{15285257-8807-4C52-A88A-38EC434CAC10}.Release|x64.ActiveCfg = Release|x64
		{15285257-8807-4C52-A88A-38EC434CAC10}.Release|x64.Build.0 = Release|x64
	EndGlobalSection
	GlobalSection(SolutionProperties) = preSolution
		HideSolutionNode = FALSE
	EndGlobalSection
	GlobalSection(ExtensibilityGlobals) = postSolution
		SolutionGuid = {A8C9A7E7-F4AE-4990-ACA9-B74A8A6207CC}
	EndGlobalSection
EndGlobal
